<Solution>
  <Folder Name="/sandbox/">
    <Project Path="sandbox/Benchmark1/Benchmark1.csproj" />
    <Project Path="sandbox/ConsoleApp1/ConsoleApp1.csproj" />
  </Folder>
  <Folder Name="/src/">
    <Project Path="src/Redb.Interop/Redb.Interop.csproj" />
    <Project Path="src/Redb.MessagePack/Redb.MessagePack.csproj" />
    <Project Path="src/Redb.SystemTextJson/Redb.SystemTextJson.csproj" />
    <Project Path="src/Redb/Redb.csproj" />
  </Folder>
</Solution>
